
Microsoft Visual Studio Solution File, Format Version 12.00
# Visual Studio Version 16
VisualStudioVersion = 16.0.30011.22
MinimumVisualStudioVersion = 10.0.40219.1
Project("{FAE04EC0-301F-11D3-BF4B-00C04F79EFBC}") = "AdministracionFacturas", "AdministracionFacturas.csproj", "{EF202D77-321D-498E-ADED-545A3EDC96BB}"
EndProject
Global
	GlobalSection(SolutionConfigurationPlatforms) = preSolution
		Debug|Any CPU = Debug|Any CPU
		Release|Any CPU = Release|Any CPU
	EndGlobalSection
	GlobalSection(ProjectConfigurationPlatforms) = postSolution
		{EF202D77-321D-498E-ADED-545A3EDC96BB}.Debug|Any CPU.ActiveCfg = Debug|Any CPU
		{EF202D77-321D-498E-ADED-545A3EDC96BB}.Debug|Any CPU.Build.0 = Debug|Any CPU
		{EF202D77-321D-498E-ADED-545A3EDC96BB}.Release|Any CPU.ActiveCfg = Release|Any CPU
		{EF202D77-321D-498E-ADED-545A3EDC96BB}.Release|Any CPU.Build.0 = Release|Any CPU
	EndGlobalSection
	GlobalSection(SolutionProperties) = preSolution
		HideSolutionNode = FALSE
	EndGlobalSection
	GlobalSection(ExtensibilityGlobals) = postSolution
		SolutionGuid = {8C3AC1FE-C25E-4700-8CCA-BB24078C3601}
	EndGlobalSection
EndGlobal
